
Microsoft Visual Studio Solution File, Format Version 12.00
# Visual Studio 15
VisualStudioVersion = 15.0.26730.16
MinimumVisualStudioVersion = 10.0.40219.1
Project("{2150E333-8FDC-42A3-9474-1A3956D46DE8}") = "test", "test", "{DC64E513-A7A2-437E-A919-C14EE05C08D5}"
EndProject
Project("{2150E333-8FDC-42A3-9474-1A3956D46DE8}") = "Solution items", "Solution items", "{52D6EC11-65D4-4F36-B9E6-55F632A87547}"
	ProjectSection(SolutionItems) = preProject
		scripts\UpdateVersions.ps1 = scripts\UpdateVersions.ps1
	EndProjectSection
EndProject
Project("{2150E333-8FDC-42A3-9474-1A3956D46DE8}") = "src", "src", "{C2B08D53-AA3A-4110-81CA-43BD0A83DB99}"
EndProject
Project("{9A19103F-16F7-4668-BE54-9A1E7A4F7556}") = "Idea.Entity", "Idea.Entity\Idea.Entity.csproj", "{B8215BF6-922C-4E49-8545-35F6D4B5FAF6}"
EndProject
Project("{9A19103F-16F7-4668-BE54-9A1E7A4F7556}") = "Idea.UnitOfWork", "Idea.UnitOfWork\Idea.UnitOfWork.csproj", "{0B3301D0-1C14-45D1-919E-F0DD856DDED9}"
EndProject
Project("{9A19103F-16F7-4668-BE54-9A1E7A4F7556}") = "Idea.UnitOfWork.EntityFrameworkCore", "Idea.UnitOfWork.EntityFrameworkCore\Idea.UnitOfWork.EntityFrameworkCore.csproj", "{45FEC76C-D012-4B1E-B2DC-42E216C5C9BB}"
EndProject
Project("{9A19103F-16F7-4668-BE54-9A1E7A4F7556}") = "Idea.Repository", "Idea.Repository\Idea.Repository.csproj", "{309C4CD8-3056-4F49-996B-EB9C6BB60783}"
EndProject
Project("{9A19103F-16F7-4668-BE54-9A1E7A4F7556}") = "Idea.Repository.EntityFrameworkCore", "Idea.Repository.EntityFrameworkCore\Idea.Repository.EntityFrameworkCore.csproj", "{4AB775D7-AECE-489E-981D-A5ABC9710584}"
EndProject
Project("{FAE04EC0-301F-11D3-BF4B-00C04F79EFBC}") = "Idea.UnitOfWork.EntityFramework6", "Idea.UnitOfWork.EntityFramework6\Idea.UnitOfWork.EntityFramework6.csproj", "{E450F422-53D5-4529-B610-FA295A894D1A}"
EndProject
Project("{FAE04EC0-301F-11D3-BF4B-00C04F79EFBC}") = "Idea.Repository.EntityFramework6", "Idea.Repository.EntityFramework6\Idea.Repository.EntityFramework6.csproj", "{CFA7C43C-5F74-4537-9884-7DDAFF3F40F1}"
EndProject
Project("{9A19103F-16F7-4668-BE54-9A1E7A4F7556}") = "Idea.Tests", "Idea.Tests\Idea.Tests.csproj", "{C06BF4E0-9F0D-41B7-92A8-0F820B15C557}"
EndProject
Project("{9A19103F-16F7-4668-BE54-9A1E7A4F7556}") = "Idea.SmartQuery", "Idea.SmartQuery\Idea.SmartQuery\Idea.SmartQuery.csproj", "{FCE09DB2-87C7-49B6-92CE-629D16F17D3E}"
EndProject
Project("{9A19103F-16F7-4668-BE54-9A1E7A4F7556}") = "Idea.SmartQuery.EntityFrameworkCore", "Idea.SmartQuery.EntityFrameworkCore\Idea.SmartQuery.EntityFrameworkCore\Idea.SmartQuery.EntityFrameworkCore.csproj", "{4B615FE0-0364-4378-A5E2-543860185025}"
EndProject
Project("{FAE04EC0-301F-11D3-BF4B-00C04F79EFBC}") = "Idea.SmartQuery.EntityFramework6", "Idea.SmartQuery.EntityFramework6\Idea.SmartQuery.EntityFramework6\Idea.SmartQuery.EntityFramework6.csproj", "{0C207738-1865-4680-AE59-2FAE1586844E}"
EndProject
Project("{9A19103F-16F7-4668-BE54-9A1E7A4F7556}") = "Idea.NetCore.EntityFrameworkCore", "Idea.NetCore.EntityFrameworkCore\Idea.NetCore.EntityFrameworkCore.csproj", "{BEC92BF1-4708-45EB-981A-65D40A304FD1}"
EndProject
Project("{2150E333-8FDC-42A3-9474-1A3956D46DE8}") = "sample", "sample", "{6B20236F-BDC3-4B0C-A2BB-0973B11DF463}"
EndProject
Project("{9A19103F-16F7-4668-BE54-9A1E7A4F7556}") = "Idea.Sample", "Idea.Sample\Idea.Sample.csproj", "{A60635B8-2D28-4432-8666-1018CCC9E70D}"
EndProject
Global
	GlobalSection(SolutionConfigurationPlatforms) = preSolution
		Debug|Any CPU = Debug|Any CPU
		Release|Any CPU = Release|Any CPU
	EndGlobalSection
	GlobalSection(ProjectConfigurationPlatforms) = postSolution
		{B8215BF6-922C-4E49-8545-35F6D4B5FAF6}.Debug|Any CPU.ActiveCfg = Debug|Any CPU
		{B8215BF6-922C-4E49-8545-35F6D4B5FAF6}.Debug|Any CPU.Build.0 = Debug|Any CPU
		{B8215BF6-922C-4E49-8545-35F6D4B5FAF6}.Release|Any CPU.ActiveCfg = Release|Any CPU
		{B8215BF6-922C-4E49-8545-35F6D4B5FAF6}.Release|Any CPU.Build.0 = Release|Any CPU
		{0B3301D0-1C14-45D1-919E-F0DD856DDED9}.Debug|Any CPU.ActiveCfg = Debug|Any CPU
		{0B3301D0-1C14-45D1-919E-F0DD856DDED9}.Debug|Any CPU.Build.0 = Debug|Any CPU
		{0B3301D0-1C14-45D1-919E-F0DD856DDED9}.Release|Any CPU.ActiveCfg = Release|Any CPU
		{0B3301D0-1C14-45D1-919E-F0DD856DDED9}.Release|Any CPU.Build.0 = Release|Any CPU
		{45FEC76C-D012-4B1E-B2DC-42E216C5C9BB}.Debug|Any CPU.ActiveCfg = Debug|Any CPU
		{45FEC76C-D012-4B1E-B2DC-42E216C5C9BB}.Debug|Any CPU.Build.0 = Debug|Any CPU
		{45FEC76C-D012-4B1E-B2DC-42E216C5C9BB}.Release|Any CPU.ActiveCfg = Release|Any CPU
		{45FEC76C-D012-4B1E-B2DC-42E216C5C9BB}.Release|Any CPU.Build.0 = Release|Any CPU
		{309C4CD8-3056-4F49-996B-EB9C6BB60783}.Debug|Any CPU.ActiveCfg = Debug|Any CPU
		{309C4CD8-3056-4F49-996B-EB9C6BB60783}.Debug|Any CPU.Build.0 = Debug|Any CPU
		{309C4CD8-3056-4F49-996B-EB9C6BB60783}.Release|Any CPU.ActiveCfg = Release|Any CPU
		{309C4CD8-3056-4F49-996B-EB9C6BB60783}.Release|Any CPU.Build.0 = Release|Any CPU
		{4AB775D7-AECE-489E-981D-A5ABC9710584}.Debug|Any CPU.ActiveCfg = Debug|Any CPU
		{4AB775D7-AECE-489E-981D-A5ABC9710584}.Debug|Any CPU.Build.0 = Debug|Any CPU
		{4AB775D7-AECE-489E-981D-A5ABC9710584}.Release|Any CPU.ActiveCfg = Release|Any CPU
		{4AB775D7-AECE-489E-981D-A5ABC9710584}.Release|Any CPU.Build.0 = Release|Any CPU
		{E450F422-53D5-4529-B610-FA295A894D1A}.Debug|Any CPU.ActiveCfg = Debug|Any CPU
		{E450F422-53D5-4529-B610-FA295A894D1A}.Debug|Any CPU.Build.0 = Debug|Any CPU
		{E450F422-53D5-4529-B610-FA295A894D1A}.Release|Any CPU.ActiveCfg = Release|Any CPU
		{E450F422-53D5-4529-B610-FA295A894D1A}.Release|Any CPU.Build.0 = Release|Any CPU
		{CFA7C43C-5F74-4537-9884-7DDAFF3F40F1}.Debug|Any CPU.ActiveCfg = Debug|Any CPU
		{CFA7C43C-5F74-4537-9884-7DDAFF3F40F1}.Debug|Any CPU.Build.0 = Debug|Any CPU
		{CFA7C43C-5F74-4537-9884-7DDAFF3F40F1}.Release|Any CPU.ActiveCfg = Release|Any CPU
		{CFA7C43C-5F74-4537-9884-7DDAFF3F40F1}.Release|Any CPU.Build.0 = Release|Any CPU
		{C06BF4E0-9F0D-41B7-92A8-0F820B15C557}.Debug|Any CPU.ActiveCfg = Debug|Any CPU
		{C06BF4E0-9F0D-41B7-92A8-0F820B15C557}.Debug|Any CPU.Build.0 = Debug|Any CPU
		{C06BF4E0-9F0D-41B7-92A8-0F820B15C557}.Release|Any CPU.ActiveCfg = Release|Any CPU
		{C06BF4E0-9F0D-41B7-92A8-0F820B15C557}.Release|Any CPU.Build.0 = Release|Any CPU
		{FCE09DB2-87C7-49B6-92CE-629D16F17D3E}.Debug|Any CPU.ActiveCfg = Debug|Any CPU
		{FCE09DB2-87C7-49B6-92CE-629D16F17D3E}.Debug|Any CPU.Build.0 = Debug|Any CPU
		{FCE09DB2-87C7-49B6-92CE-629D16F17D3E}.Release|Any CPU.ActiveCfg = Release|Any CPU
		{FCE09DB2-87C7-49B6-92CE-629D16F17D3E}.Release|Any CPU.Build.0 = Release|Any CPU
		{4B615FE0-0364-4378-A5E2-543860185025}.Debug|Any CPU.ActiveCfg = Debug|Any CPU
		{4B615FE0-0364-4378-A5E2-543860185025}.Debug|Any CPU.Build.0 = Debug|Any CPU
		{4B615FE0-0364-4378-A5E2-543860185025}.Release|Any CPU.ActiveCfg = Release|Any CPU
		{4B615FE0-0364-4378-A5E2-543860185025}.Release|Any CPU.Build.0 = Release|Any CPU
		{0C207738-1865-4680-AE59-2FAE1586844E}.Debug|Any CPU.ActiveCfg = Debug|Any CPU
		{0C207738-1865-4680-AE59-2FAE1586844E}.Debug|Any CPU.Build.0 = Debug|Any CPU
		{0C207738-1865-4680-AE59-2FAE1586844E}.Release|Any CPU.ActiveCfg = Release|Any CPU
		{0C207738-1865-4680-AE59-2FAE1586844E}.Release|Any CPU.Build.0 = Release|Any CPU
		{BEC92BF1-4708-45EB-981A-65D40A304FD1}.Debug|Any CPU.ActiveCfg = Debug|Any CPU
		{BEC92BF1-4708-45EB-981A-65D40A304FD1}.Debug|Any CPU.Build.0 = Debug|Any CPU
		{BEC92BF1-4708-45EB-981A-65D40A304FD1}.Release|Any CPU.ActiveCfg = Release|Any CPU
		{BEC92BF1-4708-45EB-981A-65D40A304FD1}.Release|Any CPU.Build.0 = Release|Any CPU
		{A60635B8-2D28-4432-8666-1018CCC9E70D}.Debug|Any CPU.ActiveCfg = Debug|Any CPU
		{A60635B8-2D28-4432-8666-1018CCC9E70D}.Debug|Any CPU.Build.0 = Debug|Any CPU
		{A60635B8-2D28-4432-8666-1018CCC9E70D}.Release|Any CPU.ActiveCfg = Release|Any CPU
		{A60635B8-2D28-4432-8666-1018CCC9E70D}.Release|Any CPU.Build.0 = Release|Any CPU
	EndGlobalSection
	GlobalSection(SolutionProperties) = preSolution
		HideSolutionNode = FALSE
	EndGlobalSection
	GlobalSection(NestedProjects) = preSolution
		{B8215BF6-922C-4E49-8545-35F6D4B5FAF6} = {C2B08D53-AA3A-4110-81CA-43BD0A83DB99}
		{0B3301D0-1C14-45D1-919E-F0DD856DDED9} = {C2B08D53-AA3A-4110-81CA-43BD0A83DB99}
		{45FEC76C-D012-4B1E-B2DC-42E216C5C9BB} = {C2B08D53-AA3A-4110-81CA-43BD0A83DB99}
		{309C4CD8-3056-4F49-996B-EB9C6BB60783} = {C2B08D53-AA3A-4110-81CA-43BD0A83DB99}
		{4AB775D7-AECE-489E-981D-A5ABC9710584} = {C2B08D53-AA3A-4110-81CA-43BD0A83DB99}
		{E450F422-53D5-4529-B610-FA295A894D1A} = {C2B08D53-AA3A-4110-81CA-43BD0A83DB99}
		{CFA7C43C-5F74-4537-9884-7DDAFF3F40F1} = {C2B08D53-AA3A-4110-81CA-43BD0A83DB99}
		{C06BF4E0-9F0D-41B7-92A8-0F820B15C557} = {DC64E513-A7A2-437E-A919-C14EE05C08D5}
		{FCE09DB2-87C7-49B6-92CE-629D16F17D3E} = {C2B08D53-AA3A-4110-81CA-43BD0A83DB99}
		{4B615FE0-0364-4378-A5E2-543860185025} = {C2B08D53-AA3A-4110-81CA-43BD0A83DB99}
		{0C207738-1865-4680-AE59-2FAE1586844E} = {C2B08D53-AA3A-4110-81CA-43BD0A83DB99}
		{BEC92BF1-4708-45EB-981A-65D40A304FD1} = {C2B08D53-AA3A-4110-81CA-43BD0A83DB99}
		{A60635B8-2D28-4432-8666-1018CCC9E70D} = {6B20236F-BDC3-4B0C-A2BB-0973B11DF463}
	EndGlobalSection
	GlobalSection(ExtensibilityGlobals) = postSolution
		SolutionGuid = {B55FDB69-C5CA-4C05-804D-F06CE97C49B9}
	EndGlobalSection
EndGlobal
