
Microsoft Visual Studio Solution File, Format Version 12.00
# Visual Studio 14
VisualStudioVersion = 14.0.25420.1
MinimumVisualStudioVersion = 10.0.40219.1
Project("{8BB2217D-0F2D-49D1-97BC-3654ED321F3B}") = "Idea.Entity", "Idea.Entity\Idea.Entity.xproj", "{B8215BF6-922C-4E49-8545-35F6D4B5FAF6}"
EndProject
Project("{8BB2217D-0F2D-49D1-97BC-3654ED321F3B}") = "Idea.UnitOfWork", "Idea.UnitOfWork\Idea.UnitOfWork.xproj", "{0B3301D0-1C14-45D1-919E-F0DD856DDED9}"
EndProject
Project("{8BB2217D-0F2D-49D1-97BC-3654ED321F3B}") = "Idea.UnitOfWork.EntityFrameworkCore", "Idea.UnitOfWork.EntityFrameworkCore\Idea.UnitOfWork.EntityFrameworkCore.xproj", "{45FEC76C-D012-4B1E-B2DC-42E216C5C9BB}"
EndProject
Project("{8BB2217D-0F2D-49D1-97BC-3654ED321F3B}") = "Idea.Repository", "Idea.Repository\Idea.Repository.xproj", "{309C4CD8-3056-4F49-996B-EB9C6BB60783}"
EndProject
Project("{8BB2217D-0F2D-49D1-97BC-3654ED321F3B}") = "Idea.Query", "Idea.Query\Idea.Query.xproj", "{47FF5FC9-1ACC-4D8F-8439-42A5EDEFD52C}"
EndProject
Project("{8BB2217D-0F2D-49D1-97BC-3654ED321F3B}") = "Idea.Repository.EntityFrameworkCore", "Idea.Repository.EntityFrameworkCore\Idea.Repository.EntityFrameworkCore.xproj", "{4AB775D7-AECE-489E-981D-A5ABC9710584}"
EndProject
Project("{2150E333-8FDC-42A3-9474-1A3956D46DE8}") = "test", "test", "{DC64E513-A7A2-437E-A919-C14EE05C08D5}"
EndProject
Project("{2150E333-8FDC-42A3-9474-1A3956D46DE8}") = "Solution items", "Solution items", "{52D6EC11-65D4-4F36-B9E6-55F632A87547}"
	ProjectSection(SolutionItems) = preProject
		global.json = global.json
		scripts\UpdateVersions.ps1 = scripts\UpdateVersions.ps1
	EndProjectSection
EndProject
Project("{FAE04EC0-301F-11D3-BF4B-00C04F79EFBC}") = "Idea.UnitOfWork.EntityFramework6", "Idea.UnitOfWork.EntityFramework6\Idea.UnitOfWork.EntityFramework6.csproj", "{E450F422-53D5-4529-B610-FA295A894D1A}"
EndProject
Project("{FAE04EC0-301F-11D3-BF4B-00C04F79EFBC}") = "Idea.Repository.EntityFramework6", "Idea.Repository.EntityFramework6\Idea.Repository.EntityFramework6.csproj", "{CFA7C43C-5F74-4537-9884-7DDAFF3F40F1}"
EndProject
Project("{8BB2217D-0F2D-49D1-97BC-3654ED321F3B}") = "Idea.Query.EntityFrameworkCore", "Idea.Query.EntityFrameworkCore\Idea.Query.EntityFrameworkCore.xproj", "{8EF40BDD-5DAC-40F0-B7C3-F32DBB11597C}"
EndProject
Project("{8BB2217D-0F2D-49D1-97BC-3654ED321F3B}") = "Idea.Tests", "Idea.Tests\Idea.Tests.xproj", "{C06BF4E0-9F0D-41B7-92A8-0F820B15C557}"
EndProject
Project("{2150E333-8FDC-42A3-9474-1A3956D46DE8}") = "src", "src", "{C2B08D53-AA3A-4110-81CA-43BD0A83DB99}"
EndProject
Global
	GlobalSection(SolutionConfigurationPlatforms) = preSolution
		Debug|Any CPU = Debug|Any CPU
		Release|Any CPU = Release|Any CPU
	EndGlobalSection
	GlobalSection(ProjectConfigurationPlatforms) = postSolution
		{B8215BF6-922C-4E49-8545-35F6D4B5FAF6}.Debug|Any CPU.ActiveCfg = Debug|Any CPU
		{B8215BF6-922C-4E49-8545-35F6D4B5FAF6}.Debug|Any CPU.Build.0 = Debug|Any CPU
		{B8215BF6-922C-4E49-8545-35F6D4B5FAF6}.Release|Any CPU.ActiveCfg = Release|Any CPU
		{B8215BF6-922C-4E49-8545-35F6D4B5FAF6}.Release|Any CPU.Build.0 = Release|Any CPU
		{0B3301D0-1C14-45D1-919E-F0DD856DDED9}.Debug|Any CPU.ActiveCfg = Debug|Any CPU
		{0B3301D0-1C14-45D1-919E-F0DD856DDED9}.Debug|Any CPU.Build.0 = Debug|Any CPU
		{0B3301D0-1C14-45D1-919E-F0DD856DDED9}.Release|Any CPU.ActiveCfg = Release|Any CPU
		{0B3301D0-1C14-45D1-919E-F0DD856DDED9}.Release|Any CPU.Build.0 = Release|Any CPU
		{45FEC76C-D012-4B1E-B2DC-42E216C5C9BB}.Debug|Any CPU.ActiveCfg = Debug|Any CPU
		{45FEC76C-D012-4B1E-B2DC-42E216C5C9BB}.Debug|Any CPU.Build.0 = Debug|Any CPU
		{45FEC76C-D012-4B1E-B2DC-42E216C5C9BB}.Release|Any CPU.ActiveCfg = Release|Any CPU
		{45FEC76C-D012-4B1E-B2DC-42E216C5C9BB}.Release|Any CPU.Build.0 = Release|Any CPU
		{309C4CD8-3056-4F49-996B-EB9C6BB60783}.Debug|Any CPU.ActiveCfg = Debug|Any CPU
		{309C4CD8-3056-4F49-996B-EB9C6BB60783}.Debug|Any CPU.Build.0 = Debug|Any CPU
		{309C4CD8-3056-4F49-996B-EB9C6BB60783}.Release|Any CPU.ActiveCfg = Release|Any CPU
		{309C4CD8-3056-4F49-996B-EB9C6BB60783}.Release|Any CPU.Build.0 = Release|Any CPU
		{47FF5FC9-1ACC-4D8F-8439-42A5EDEFD52C}.Debug|Any CPU.ActiveCfg = Debug|Any CPU
		{47FF5FC9-1ACC-4D8F-8439-42A5EDEFD52C}.Debug|Any CPU.Build.0 = Debug|Any CPU
		{47FF5FC9-1ACC-4D8F-8439-42A5EDEFD52C}.Release|Any CPU.ActiveCfg = Release|Any CPU
		{47FF5FC9-1ACC-4D8F-8439-42A5EDEFD52C}.Release|Any CPU.Build.0 = Release|Any CPU
		{4AB775D7-AECE-489E-981D-A5ABC9710584}.Debug|Any CPU.ActiveCfg = Debug|Any CPU
		{4AB775D7-AECE-489E-981D-A5ABC9710584}.Debug|Any CPU.Build.0 = Debug|Any CPU
		{4AB775D7-AECE-489E-981D-A5ABC9710584}.Release|Any CPU.ActiveCfg = Release|Any CPU
		{4AB775D7-AECE-489E-981D-A5ABC9710584}.Release|Any CPU.Build.0 = Release|Any CPU
		{E450F422-53D5-4529-B610-FA295A894D1A}.Debug|Any CPU.ActiveCfg = Debug|Any CPU
		{E450F422-53D5-4529-B610-FA295A894D1A}.Debug|Any CPU.Build.0 = Debug|Any CPU
		{E450F422-53D5-4529-B610-FA295A894D1A}.Release|Any CPU.ActiveCfg = Release|Any CPU
		{E450F422-53D5-4529-B610-FA295A894D1A}.Release|Any CPU.Build.0 = Release|Any CPU
		{CFA7C43C-5F74-4537-9884-7DDAFF3F40F1}.Debug|Any CPU.ActiveCfg = Debug|Any CPU
		{CFA7C43C-5F74-4537-9884-7DDAFF3F40F1}.Debug|Any CPU.Build.0 = Debug|Any CPU
		{CFA7C43C-5F74-4537-9884-7DDAFF3F40F1}.Release|Any CPU.ActiveCfg = Release|Any CPU
		{CFA7C43C-5F74-4537-9884-7DDAFF3F40F1}.Release|Any CPU.Build.0 = Release|Any CPU
		{8EF40BDD-5DAC-40F0-B7C3-F32DBB11597C}.Debug|Any CPU.ActiveCfg = Debug|Any CPU
		{8EF40BDD-5DAC-40F0-B7C3-F32DBB11597C}.Debug|Any CPU.Build.0 = Debug|Any CPU
		{8EF40BDD-5DAC-40F0-B7C3-F32DBB11597C}.Release|Any CPU.ActiveCfg = Release|Any CPU
		{8EF40BDD-5DAC-40F0-B7C3-F32DBB11597C}.Release|Any CPU.Build.0 = Release|Any CPU
		{C06BF4E0-9F0D-41B7-92A8-0F820B15C557}.Debug|Any CPU.ActiveCfg = Debug|Any CPU
		{C06BF4E0-9F0D-41B7-92A8-0F820B15C557}.Debug|Any CPU.Build.0 = Debug|Any CPU
		{C06BF4E0-9F0D-41B7-92A8-0F820B15C557}.Release|Any CPU.ActiveCfg = Release|Any CPU
		{C06BF4E0-9F0D-41B7-92A8-0F820B15C557}.Release|Any CPU.Build.0 = Release|Any CPU
	EndGlobalSection
	GlobalSection(SolutionProperties) = preSolution
		HideSolutionNode = FALSE
	EndGlobalSection
	GlobalSection(NestedProjects) = preSolution
		{B8215BF6-922C-4E49-8545-35F6D4B5FAF6} = {C2B08D53-AA3A-4110-81CA-43BD0A83DB99}
		{0B3301D0-1C14-45D1-919E-F0DD856DDED9} = {C2B08D53-AA3A-4110-81CA-43BD0A83DB99}
		{45FEC76C-D012-4B1E-B2DC-42E216C5C9BB} = {C2B08D53-AA3A-4110-81CA-43BD0A83DB99}
		{309C4CD8-3056-4F49-996B-EB9C6BB60783} = {C2B08D53-AA3A-4110-81CA-43BD0A83DB99}
		{47FF5FC9-1ACC-4D8F-8439-42A5EDEFD52C} = {C2B08D53-AA3A-4110-81CA-43BD0A83DB99}
		{4AB775D7-AECE-489E-981D-A5ABC9710584} = {C2B08D53-AA3A-4110-81CA-43BD0A83DB99}
		{E450F422-53D5-4529-B610-FA295A894D1A} = {C2B08D53-AA3A-4110-81CA-43BD0A83DB99}
		{CFA7C43C-5F74-4537-9884-7DDAFF3F40F1} = {C2B08D53-AA3A-4110-81CA-43BD0A83DB99}
		{8EF40BDD-5DAC-40F0-B7C3-F32DBB11597C} = {C2B08D53-AA3A-4110-81CA-43BD0A83DB99}
		{C06BF4E0-9F0D-41B7-92A8-0F820B15C557} = {DC64E513-A7A2-437E-A919-C14EE05C08D5}
	EndGlobalSection
EndGlobal
