
Microsoft Visual Studio Solution File, Format Version 12.00
# Visual Studio 15
VisualStudioVersion = 15.0.26730.16
MinimumVisualStudioVersion = 10.0.40219.1
Project("{2150E333-8FDC-42A3-9474-1A3956D46DE8}") = "test", "test", "{DC64E513-A7A2-437E-A919-C14EE05C08D5}"
EndProject
Project("{2150E333-8FDC-42A3-9474-1A3956D46DE8}") = "src", "src", "{C2B08D53-AA3A-4110-81CA-43BD0A83DB99}"
EndProject
Project("{9A19103F-16F7-4668-BE54-9A1E7A4F7556}") = "Idea.Entity", "Idea.Entity\Idea.Entity.csproj", "{B8215BF6-922C-4E49-8545-35F6D4B5FAF6}"
EndProject
Project("{9A19103F-16F7-4668-BE54-9A1E7A4F7556}") = "Idea.UnitOfWork", "Idea.UnitOfWork\Idea.UnitOfWork.csproj", "{0B3301D0-1C14-45D1-919E-F0DD856DDED9}"
EndProject
Project("{9A19103F-16F7-4668-BE54-9A1E7A4F7556}") = "Idea.UnitOfWork.EntityFrameworkCore", "Idea.UnitOfWork.EntityFrameworkCore\Idea.UnitOfWork.EntityFrameworkCore.csproj", "{45FEC76C-D012-4B1E-B2DC-42E216C5C9BB}"
EndProject
Project("{9A19103F-16F7-4668-BE54-9A1E7A4F7556}") = "Idea.Repository", "Idea.Repository\Idea.Repository.csproj", "{309C4CD8-3056-4F49-996B-EB9C6BB60783}"
EndProject
Project("{9A19103F-16F7-4668-BE54-9A1E7A4F7556}") = "Idea.Repository.EntityFrameworkCore", "Idea.Repository.EntityFrameworkCore\Idea.Repository.EntityFrameworkCore.csproj", "{4AB775D7-AECE-489E-981D-A5ABC9710584}"
EndProject
Project("{9A19103F-16F7-4668-BE54-9A1E7A4F7556}") = "Idea.Tests", "Idea.Tests\Idea.Tests.csproj", "{C06BF4E0-9F0D-41B7-92A8-0F820B15C557}"
EndProject
Project("{9A19103F-16F7-4668-BE54-9A1E7A4F7556}") = "Idea.NetCore.EntityFrameworkCore", "Idea.NetCore.EntityFrameworkCore\Idea.NetCore.EntityFrameworkCore.csproj", "{BEC92BF1-4708-45EB-981A-65D40A304FD1}"
EndProject
Project("{2150E333-8FDC-42A3-9474-1A3956D46DE8}") = "sample", "sample", "{6B20236F-BDC3-4B0C-A2BB-0973B11DF463}"
EndProject
Project("{9A19103F-16F7-4668-BE54-9A1E7A4F7556}") = "Idea.Cookbook", "Idea.Cookbook\Idea.Cookbook\Idea.Cookbook.csproj", "{9E6D1DF4-725B-4FA0-9503-8AF0EF4733C0}"
EndProject
Project("{9A19103F-16F7-4668-BE54-9A1E7A4F7556}") = "Idea.Cookbook.Tests", "Idea.Cookbook.Tests\Idea.Cookbook.Tests.csproj", "{D013C9B8-5DEE-48FD-B0CE-CFD6A47B38E7}"
EndProject
Project("{9A19103F-16F7-4668-BE54-9A1E7A4F7556}") = "Idea.UnitOfWork.Tests", "Idea.UnitOfWork.Tests\Idea.UnitOfWork.Tests.csproj", "{A71FC7A8-DC19-4AF2-B136-38687FF2FD13}"
EndProject
Project("{9A19103F-16F7-4668-BE54-9A1E7A4F7556}") = "Idea.Query.EntityFrameworkCore", "Idea.Query.EntityFrameworkCore\Idea.Query.EntityFrameworkCore.csproj", "{AFCC7304-CC7D-4196-9C86-55FC71495068}"
EndProject
Global
	GlobalSection(SolutionConfigurationPlatforms) = preSolution
		Debug|Any CPU = Debug|Any CPU
		Release|Any CPU = Release|Any CPU
	EndGlobalSection
	GlobalSection(ProjectConfigurationPlatforms) = postSolution
		{B8215BF6-922C-4E49-8545-35F6D4B5FAF6}.Debug|Any CPU.ActiveCfg = Debug|Any CPU
		{B8215BF6-922C-4E49-8545-35F6D4B5FAF6}.Debug|Any CPU.Build.0 = Debug|Any CPU
		{B8215BF6-922C-4E49-8545-35F6D4B5FAF6}.Release|Any CPU.ActiveCfg = Release|Any CPU
		{B8215BF6-922C-4E49-8545-35F6D4B5FAF6}.Release|Any CPU.Build.0 = Release|Any CPU
		{0B3301D0-1C14-45D1-919E-F0DD856DDED9}.Debug|Any CPU.ActiveCfg = Debug|Any CPU
		{0B3301D0-1C14-45D1-919E-F0DD856DDED9}.Debug|Any CPU.Build.0 = Debug|Any CPU
		{0B3301D0-1C14-45D1-919E-F0DD856DDED9}.Release|Any CPU.ActiveCfg = Release|Any CPU
		{0B3301D0-1C14-45D1-919E-F0DD856DDED9}.Release|Any CPU.Build.0 = Release|Any CPU
		{45FEC76C-D012-4B1E-B2DC-42E216C5C9BB}.Debug|Any CPU.ActiveCfg = Debug|Any CPU
		{45FEC76C-D012-4B1E-B2DC-42E216C5C9BB}.Debug|Any CPU.Build.0 = Debug|Any CPU
		{45FEC76C-D012-4B1E-B2DC-42E216C5C9BB}.Release|Any CPU.ActiveCfg = Release|Any CPU
		{45FEC76C-D012-4B1E-B2DC-42E216C5C9BB}.Release|Any CPU.Build.0 = Release|Any CPU
		{309C4CD8-3056-4F49-996B-EB9C6BB60783}.Debug|Any CPU.ActiveCfg = Debug|Any CPU
		{309C4CD8-3056-4F49-996B-EB9C6BB60783}.Debug|Any CPU.Build.0 = Debug|Any CPU
		{309C4CD8-3056-4F49-996B-EB9C6BB60783}.Release|Any CPU.ActiveCfg = Release|Any CPU
		{309C4CD8-3056-4F49-996B-EB9C6BB60783}.Release|Any CPU.Build.0 = Release|Any CPU
		{4AB775D7-AECE-489E-981D-A5ABC9710584}.Debug|Any CPU.ActiveCfg = Debug|Any CPU
		{4AB775D7-AECE-489E-981D-A5ABC9710584}.Debug|Any CPU.Build.0 = Debug|Any CPU
		{4AB775D7-AECE-489E-981D-A5ABC9710584}.Release|Any CPU.ActiveCfg = Release|Any CPU
		{4AB775D7-AECE-489E-981D-A5ABC9710584}.Release|Any CPU.Build.0 = Release|Any CPU
		{C06BF4E0-9F0D-41B7-92A8-0F820B15C557}.Debug|Any CPU.ActiveCfg = Debug|Any CPU
		{C06BF4E0-9F0D-41B7-92A8-0F820B15C557}.Debug|Any CPU.Build.0 = Debug|Any CPU
		{C06BF4E0-9F0D-41B7-92A8-0F820B15C557}.Release|Any CPU.ActiveCfg = Release|Any CPU
		{C06BF4E0-9F0D-41B7-92A8-0F820B15C557}.Release|Any CPU.Build.0 = Release|Any CPU
		{BEC92BF1-4708-45EB-981A-65D40A304FD1}.Debug|Any CPU.ActiveCfg = Debug|Any CPU
		{BEC92BF1-4708-45EB-981A-65D40A304FD1}.Debug|Any CPU.Build.0 = Debug|Any CPU
		{BEC92BF1-4708-45EB-981A-65D40A304FD1}.Release|Any CPU.ActiveCfg = Release|Any CPU
		{BEC92BF1-4708-45EB-981A-65D40A304FD1}.Release|Any CPU.Build.0 = Release|Any CPU
		{9E6D1DF4-725B-4FA0-9503-8AF0EF4733C0}.Debug|Any CPU.ActiveCfg = Debug|Any CPU
		{9E6D1DF4-725B-4FA0-9503-8AF0EF4733C0}.Debug|Any CPU.Build.0 = Debug|Any CPU
		{9E6D1DF4-725B-4FA0-9503-8AF0EF4733C0}.Release|Any CPU.ActiveCfg = Release|Any CPU
		{9E6D1DF4-725B-4FA0-9503-8AF0EF4733C0}.Release|Any CPU.Build.0 = Release|Any CPU
		{D013C9B8-5DEE-48FD-B0CE-CFD6A47B38E7}.Debug|Any CPU.ActiveCfg = Debug|Any CPU
		{D013C9B8-5DEE-48FD-B0CE-CFD6A47B38E7}.Debug|Any CPU.Build.0 = Debug|Any CPU
		{D013C9B8-5DEE-48FD-B0CE-CFD6A47B38E7}.Release|Any CPU.ActiveCfg = Release|Any CPU
		{D013C9B8-5DEE-48FD-B0CE-CFD6A47B38E7}.Release|Any CPU.Build.0 = Release|Any CPU
		{A71FC7A8-DC19-4AF2-B136-38687FF2FD13}.Debug|Any CPU.ActiveCfg = Debug|Any CPU
		{A71FC7A8-DC19-4AF2-B136-38687FF2FD13}.Debug|Any CPU.Build.0 = Debug|Any CPU
		{A71FC7A8-DC19-4AF2-B136-38687FF2FD13}.Release|Any CPU.ActiveCfg = Release|Any CPU
		{A71FC7A8-DC19-4AF2-B136-38687FF2FD13}.Release|Any CPU.Build.0 = Release|Any CPU
		{AFCC7304-CC7D-4196-9C86-55FC71495068}.Debug|Any CPU.ActiveCfg = Debug|Any CPU
		{AFCC7304-CC7D-4196-9C86-55FC71495068}.Debug|Any CPU.Build.0 = Debug|Any CPU
		{AFCC7304-CC7D-4196-9C86-55FC71495068}.Release|Any CPU.ActiveCfg = Release|Any CPU
		{AFCC7304-CC7D-4196-9C86-55FC71495068}.Release|Any CPU.Build.0 = Release|Any CPU
	EndGlobalSection
	GlobalSection(SolutionProperties) = preSolution
		HideSolutionNode = FALSE
	EndGlobalSection
	GlobalSection(NestedProjects) = preSolution
		{B8215BF6-922C-4E49-8545-35F6D4B5FAF6} = {C2B08D53-AA3A-4110-81CA-43BD0A83DB99}
		{0B3301D0-1C14-45D1-919E-F0DD856DDED9} = {C2B08D53-AA3A-4110-81CA-43BD0A83DB99}
		{45FEC76C-D012-4B1E-B2DC-42E216C5C9BB} = {C2B08D53-AA3A-4110-81CA-43BD0A83DB99}
		{309C4CD8-3056-4F49-996B-EB9C6BB60783} = {C2B08D53-AA3A-4110-81CA-43BD0A83DB99}
		{4AB775D7-AECE-489E-981D-A5ABC9710584} = {C2B08D53-AA3A-4110-81CA-43BD0A83DB99}
		{C06BF4E0-9F0D-41B7-92A8-0F820B15C557} = {DC64E513-A7A2-437E-A919-C14EE05C08D5}
		{BEC92BF1-4708-45EB-981A-65D40A304FD1} = {C2B08D53-AA3A-4110-81CA-43BD0A83DB99}
		{9E6D1DF4-725B-4FA0-9503-8AF0EF4733C0} = {6B20236F-BDC3-4B0C-A2BB-0973B11DF463}
		{D013C9B8-5DEE-48FD-B0CE-CFD6A47B38E7} = {6B20236F-BDC3-4B0C-A2BB-0973B11DF463}
		{A71FC7A8-DC19-4AF2-B136-38687FF2FD13} = {DC64E513-A7A2-437E-A919-C14EE05C08D5}
		{AFCC7304-CC7D-4196-9C86-55FC71495068} = {C2B08D53-AA3A-4110-81CA-43BD0A83DB99}
	EndGlobalSection
	GlobalSection(ExtensibilityGlobals) = postSolution
		SolutionGuid = {B55FDB69-C5CA-4C05-804D-F06CE97C49B9}
	EndGlobalSection
EndGlobal
