
Microsoft Visual Studio Solution File, Format Version 12.00
# Visual Studio 14
VisualStudioVersion = 14.0.25123.0
MinimumVisualStudioVersion = 10.0.40219.1
Project("{8BB2217D-0F2D-49D1-97BC-3654ED321F3B}") = "Idea7.Entity", "Idea7.Entity\Idea7.Entity.xproj", "{B8215BF6-922C-4E49-8545-35F6D4B5FAF6}"
EndProject
Project("{8BB2217D-0F2D-49D1-97BC-3654ED321F3B}") = "Idea7.UnitOfWork", "Idea7.UnitOfWork\Idea7.UnitOfWork.xproj", "{0B3301D0-1C14-45D1-919E-F0DD856DDED9}"
EndProject
Project("{8BB2217D-0F2D-49D1-97BC-3654ED321F3B}") = "Idea7.UnitOfWork.EntityFramework", "Idea7.UnitOfWork.EntityFramework\Idea7.UnitOfWork.EntityFramework.xproj", "{45FEC76C-D012-4B1E-B2DC-42E216C5C9BB}"
EndProject
Project("{8BB2217D-0F2D-49D1-97BC-3654ED321F3B}") = "Idea7.Repository", "Idea7.Repository\Idea7.Repository.xproj", "{309C4CD8-3056-4F49-996B-EB9C6BB60783}"
EndProject
Project("{8BB2217D-0F2D-49D1-97BC-3654ED321F3B}") = "Idea7.Query", "Idea7.Query\Idea7.Query.xproj", "{47FF5FC9-1ACC-4D8F-8439-42A5EDEFD52C}"
EndProject
Project("{8BB2217D-0F2D-49D1-97BC-3654ED321F3B}") = "Idea7.Repository.EntityFramework", "Idea7.Repository.EntityFramework\Idea7.Repository.EntityFramework.xproj", "{4AB775D7-AECE-489E-981D-A5ABC9710584}"
EndProject
Project("{2150E333-8FDC-42A3-9474-1A3956D46DE8}") = "test", "test", "{DC64E513-A7A2-437E-A919-C14EE05C08D5}"
EndProject
Project("{8BB2217D-0F2D-49D1-97BC-3654ED321F3B}") = "Idea7.Repository.EntityFramework.Tests", "Idea7.Repository.EntityFramework.Tests\Idea7.Repository.EntityFramework.Tests.xproj", "{8DF1975F-8278-4FC7-AFC0-719D2A801BF6}"
EndProject
Project("{2150E333-8FDC-42A3-9474-1A3956D46DE8}") = "Solution items", "Solution items", "{52D6EC11-65D4-4F36-B9E6-55F632A87547}"
	ProjectSection(SolutionItems) = preProject
		global.json = global.json
		Prebuild.ps = Prebuild.ps
	EndProjectSection
EndProject
Project("{8BB2217D-0F2D-49D1-97BC-3654ED321F3B}") = "Idea7.UnitOfWork.Tests", "Idea7.UnitOfWork.Tests\Idea7.UnitOfWork.Tests.xproj", "{BB044356-A4EC-4687-B395-523189D86917}"
EndProject
Project("{FAE04EC0-301F-11D3-BF4B-00C04F79EFBC}") = "Idea7.UnitOfWork.EntityFramework6", "Idea7.UnitOfWork.EntityFramework6\Idea7.UnitOfWork.EntityFramework6.csproj", "{E450F422-53D5-4529-B610-FA295A894D1A}"
EndProject
Global
	GlobalSection(SolutionConfigurationPlatforms) = preSolution
		Debug|Any CPU = Debug|Any CPU
		Release|Any CPU = Release|Any CPU
	EndGlobalSection
	GlobalSection(ProjectConfigurationPlatforms) = postSolution
		{B8215BF6-922C-4E49-8545-35F6D4B5FAF6}.Debug|Any CPU.ActiveCfg = Debug|Any CPU
		{B8215BF6-922C-4E49-8545-35F6D4B5FAF6}.Debug|Any CPU.Build.0 = Debug|Any CPU
		{B8215BF6-922C-4E49-8545-35F6D4B5FAF6}.Release|Any CPU.ActiveCfg = Release|Any CPU
		{B8215BF6-922C-4E49-8545-35F6D4B5FAF6}.Release|Any CPU.Build.0 = Release|Any CPU
		{0B3301D0-1C14-45D1-919E-F0DD856DDED9}.Debug|Any CPU.ActiveCfg = Debug|Any CPU
		{0B3301D0-1C14-45D1-919E-F0DD856DDED9}.Debug|Any CPU.Build.0 = Debug|Any CPU
		{0B3301D0-1C14-45D1-919E-F0DD856DDED9}.Release|Any CPU.ActiveCfg = Release|Any CPU
		{0B3301D0-1C14-45D1-919E-F0DD856DDED9}.Release|Any CPU.Build.0 = Release|Any CPU
		{45FEC76C-D012-4B1E-B2DC-42E216C5C9BB}.Debug|Any CPU.ActiveCfg = Debug|Any CPU
		{45FEC76C-D012-4B1E-B2DC-42E216C5C9BB}.Debug|Any CPU.Build.0 = Debug|Any CPU
		{45FEC76C-D012-4B1E-B2DC-42E216C5C9BB}.Release|Any CPU.ActiveCfg = Release|Any CPU
		{45FEC76C-D012-4B1E-B2DC-42E216C5C9BB}.Release|Any CPU.Build.0 = Release|Any CPU
		{309C4CD8-3056-4F49-996B-EB9C6BB60783}.Debug|Any CPU.ActiveCfg = Debug|Any CPU
		{309C4CD8-3056-4F49-996B-EB9C6BB60783}.Debug|Any CPU.Build.0 = Debug|Any CPU
		{309C4CD8-3056-4F49-996B-EB9C6BB60783}.Release|Any CPU.ActiveCfg = Release|Any CPU
		{309C4CD8-3056-4F49-996B-EB9C6BB60783}.Release|Any CPU.Build.0 = Release|Any CPU
		{47FF5FC9-1ACC-4D8F-8439-42A5EDEFD52C}.Debug|Any CPU.ActiveCfg = Debug|Any CPU
		{47FF5FC9-1ACC-4D8F-8439-42A5EDEFD52C}.Debug|Any CPU.Build.0 = Debug|Any CPU
		{47FF5FC9-1ACC-4D8F-8439-42A5EDEFD52C}.Release|Any CPU.ActiveCfg = Release|Any CPU
		{47FF5FC9-1ACC-4D8F-8439-42A5EDEFD52C}.Release|Any CPU.Build.0 = Release|Any CPU
		{4AB775D7-AECE-489E-981D-A5ABC9710584}.Debug|Any CPU.ActiveCfg = Debug|Any CPU
		{4AB775D7-AECE-489E-981D-A5ABC9710584}.Debug|Any CPU.Build.0 = Debug|Any CPU
		{4AB775D7-AECE-489E-981D-A5ABC9710584}.Release|Any CPU.ActiveCfg = Release|Any CPU
		{4AB775D7-AECE-489E-981D-A5ABC9710584}.Release|Any CPU.Build.0 = Release|Any CPU
		{8DF1975F-8278-4FC7-AFC0-719D2A801BF6}.Debug|Any CPU.ActiveCfg = Debug|Any CPU
		{8DF1975F-8278-4FC7-AFC0-719D2A801BF6}.Debug|Any CPU.Build.0 = Debug|Any CPU
		{8DF1975F-8278-4FC7-AFC0-719D2A801BF6}.Release|Any CPU.ActiveCfg = Release|Any CPU
		{8DF1975F-8278-4FC7-AFC0-719D2A801BF6}.Release|Any CPU.Build.0 = Release|Any CPU
		{BB044356-A4EC-4687-B395-523189D86917}.Debug|Any CPU.ActiveCfg = Debug|Any CPU
		{BB044356-A4EC-4687-B395-523189D86917}.Debug|Any CPU.Build.0 = Debug|Any CPU
		{BB044356-A4EC-4687-B395-523189D86917}.Release|Any CPU.ActiveCfg = Release|Any CPU
		{BB044356-A4EC-4687-B395-523189D86917}.Release|Any CPU.Build.0 = Release|Any CPU
		{E450F422-53D5-4529-B610-FA295A894D1A}.Debug|Any CPU.ActiveCfg = Debug|Any CPU
		{E450F422-53D5-4529-B610-FA295A894D1A}.Debug|Any CPU.Build.0 = Debug|Any CPU
		{E450F422-53D5-4529-B610-FA295A894D1A}.Release|Any CPU.ActiveCfg = Release|Any CPU
		{E450F422-53D5-4529-B610-FA295A894D1A}.Release|Any CPU.Build.0 = Release|Any CPU
	EndGlobalSection
	GlobalSection(SolutionProperties) = preSolution
		HideSolutionNode = FALSE
	EndGlobalSection
	GlobalSection(NestedProjects) = preSolution
		{8DF1975F-8278-4FC7-AFC0-719D2A801BF6} = {DC64E513-A7A2-437E-A919-C14EE05C08D5}
		{BB044356-A4EC-4687-B395-523189D86917} = {DC64E513-A7A2-437E-A919-C14EE05C08D5}
	EndGlobalSection
EndGlobal
